
Microsoft Visual Studio Solution File, Format Version 12.00
# Visual Studio Version 17
VisualStudioVersion = 17.14.36408.4 d17.14
MinimumVisualStudioVersion = 10.0.40219.1
Project("{FAE04EC0-301F-11D3-BF4B-00C04F79EFBC}") = "WinFormsApp5(Abramova)", "WinFormsApp5(Abramova)\WinFormsApp5(Abramova).csproj", "{73AD9AF9-1896-4760-97CC-B2BA46B09091}"
EndProject
Global
	GlobalSection(SolutionConfigurationPlatforms) = preSolution
		Debug|Any CPU = Debug|Any CPU
		Release|Any CPU = Release|Any CPU
	EndGlobalSection
	GlobalSection(ProjectConfigurationPlatforms) = postSolution
		{73AD9AF9-1896-4760-97CC-B2BA46B09091}.Debug|Any CPU.ActiveCfg = Debug|Any CPU
		{73AD9AF9-1896-4760-97CC-B2BA46B09091}.Debug|Any CPU.Build.0 = Debug|Any CPU
		{73AD9AF9-1896-4760-97CC-B2BA46B09091}.Release|Any CPU.ActiveCfg = Release|Any CPU
		{73AD9AF9-1896-4760-97CC-B2BA46B09091}.Release|Any CPU.Build.0 = Release|Any CPU
	EndGlobalSection
	GlobalSection(SolutionProperties) = preSolution
		HideSolutionNode = FALSE
	EndGlobalSection
	GlobalSection(ExtensibilityGlobals) = postSolution
		SolutionGuid = {946DE400-BA12-4862-B54E-91C295925938}
	EndGlobalSection
EndGlobal
