
Microsoft Visual Studio Solution File, Format Version 12.00
# Visual Studio Version 17
VisualStudioVersion = 17.14.36408.4 d17.14
MinimumVisualStudioVersion = 10.0.40219.1
Project("{FAE04EC0-301F-11D3-BF4B-00C04F79EFBC}") = "2004Zavd1Memes", "2004Zavd1Memes\2004Zavd1Memes.csproj", "{670EEF16-0346-4304-9EE7-420331EF24CB}"
EndProject
Global
	GlobalSection(SolutionConfigurationPlatforms) = preSolution
		Debug|Any CPU = Debug|Any CPU
		Release|Any CPU = Release|Any CPU
	EndGlobalSection
	GlobalSection(ProjectConfigurationPlatforms) = postSolution
		{670EEF16-0346-4304-9EE7-420331EF24CB}.Debug|Any CPU.ActiveCfg = Debug|Any CPU
		{670EEF16-0346-4304-9EE7-420331EF24CB}.Debug|Any CPU.Build.0 = Debug|Any CPU
		{670EEF16-0346-4304-9EE7-420331EF24CB}.Release|Any CPU.ActiveCfg = Release|Any CPU
		{670EEF16-0346-4304-9EE7-420331EF24CB}.Release|Any CPU.Build.0 = Release|Any CPU
	EndGlobalSection
	GlobalSection(SolutionProperties) = preSolution
		HideSolutionNode = FALSE
	EndGlobalSection
	GlobalSection(ExtensibilityGlobals) = postSolution
		SolutionGuid = {9CC9FCEB-0F88-4516-BBA0-A0C761B2BD74}
	EndGlobalSection
EndGlobal
